{
  "name": "os-detector",
  "version": "1.0.0",
  "lockfileVersion": 1,
  "requires": true,
  "dependencies": {
    "@types/node": {
      "version": "10.17.19",
      "resolved": "https://registry.npm.taobao.org/@types/node/download/@types/node-10.17.19.tgz",
      "integrity": "sha1-HTHd1VA9uir3qQGq/vM5LklVYg4="
    },
    "ip": {
      "version": "1.1.5",
      "resolved": "https://registry.npm.taobao.org/ip/download/ip-1.1.5.tgz",
      "integrity": "sha1-vd7XARQpCCjAoDnnLvJfWq7ENUo="
    },
    "nan": {
      "version": "2.14.0",
      "resolved": "https://registry.npm.taobao.org/nan/download/nan-2.14.0.tgz",
      "integrity": "sha1-eBj3IgJ7JFmobwKV1DTR/CM2xSw="
    },
    "pcap": {
      "version": "3.1.0",
      "resolved": "https://registry.npm.taobao.org/pcap/download/pcap-3.1.0.tgz",
      "integrity": "sha1-2om6SMk24M1+RhNia3RbHhVwUvs=",
      "requires": {
        "@types/node": "^10.0.0",
        "nan": "^2.14.0"
      }
    },
    "raw-socket": {
      "version": "1.7.0",
      "resolved": "https://registry.npm.taobao.org/raw-socket/download/raw-socket-1.7.0.tgz",
      "integrity": "sha1-zQvMPaUkUNy2ue/nptCJC/Gq+ds=",
      "requires": {
        "nan": "2.14.*"
      }
    }
  }
}
